
Microsoft Visual Studio Solution File, Format Version 12.00
# Visual Studio 15
VisualStudioVersion = 15.0.28307.271
MinimumVisualStudioVersion = 10.0.40219.1
Project("{9A19103F-16F7-4668-BE54-9A1E7A4F7556}") = "StarCraft2League", "StarCraft2League\StarCraft2League.csproj", "{4D6A4ADE-00D6-43AB-8FD8-E974324B2122}"
EndProject
Project("{9A19103F-16F7-4668-BE54-9A1E7A4F7556}") = "StarCraft2League.Tests", "StarCraft2League.Tests\StarCraft2League.Tests.csproj", "{05EF148C-9FF3-4DAB-BD6C-73722316AF52}"
EndProject
Project("{9A19103F-16F7-4668-BE54-9A1E7A4F7556}") = "RoundRobinGroupLibrary", "RoundRobinGroupLibrary\RoundRobinGroupLibrary.csproj", "{D2081AAC-5326-4E2C-B3F3-89C80C057081}"
EndProject
Project("{9A19103F-16F7-4668-BE54-9A1E7A4F7556}") = "RoundRobinGroupLibrary.Tests", "RoundRobinGroupLibrary.Tests\RoundRobinGroupLibrary.Tests.csproj", "{5868DB05-41EF-406A-ACE1-5563A31D44BC}"
EndProject
Project("{FAE04EC0-301F-11D3-BF4B-00C04F79EFBC}") = "Tests.Common", "CommonTestLibrary\Tests.Common.csproj", "{4DE8FC9E-AC0F-4E63-A2DF-4E0C183D02EA}"
EndProject
Global
	GlobalSection(SolutionConfigurationPlatforms) = preSolution
		Debug|Any CPU = Debug|Any CPU
		Release|Any CPU = Release|Any CPU
	EndGlobalSection
	GlobalSection(ProjectConfigurationPlatforms) = postSolution
		{4D6A4ADE-00D6-43AB-8FD8-E974324B2122}.Debug|Any CPU.ActiveCfg = Debug|Any CPU
		{4D6A4ADE-00D6-43AB-8FD8-E974324B2122}.Debug|Any CPU.Build.0 = Debug|Any CPU
		{4D6A4ADE-00D6-43AB-8FD8-E974324B2122}.Release|Any CPU.ActiveCfg = Release|Any CPU
		{4D6A4ADE-00D6-43AB-8FD8-E974324B2122}.Release|Any CPU.Build.0 = Release|Any CPU
		{05EF148C-9FF3-4DAB-BD6C-73722316AF52}.Debug|Any CPU.ActiveCfg = Debug|Any CPU
		{05EF148C-9FF3-4DAB-BD6C-73722316AF52}.Debug|Any CPU.Build.0 = Debug|Any CPU
		{05EF148C-9FF3-4DAB-BD6C-73722316AF52}.Release|Any CPU.ActiveCfg = Release|Any CPU
		{05EF148C-9FF3-4DAB-BD6C-73722316AF52}.Release|Any CPU.Build.0 = Release|Any CPU
		{D2081AAC-5326-4E2C-B3F3-89C80C057081}.Debug|Any CPU.ActiveCfg = Debug|Any CPU
		{D2081AAC-5326-4E2C-B3F3-89C80C057081}.Debug|Any CPU.Build.0 = Debug|Any CPU
		{D2081AAC-5326-4E2C-B3F3-89C80C057081}.Release|Any CPU.ActiveCfg = Release|Any CPU
		{D2081AAC-5326-4E2C-B3F3-89C80C057081}.Release|Any CPU.Build.0 = Release|Any CPU
		{5868DB05-41EF-406A-ACE1-5563A31D44BC}.Debug|Any CPU.ActiveCfg = Debug|Any CPU
		{5868DB05-41EF-406A-ACE1-5563A31D44BC}.Debug|Any CPU.Build.0 = Debug|Any CPU
		{5868DB05-41EF-406A-ACE1-5563A31D44BC}.Release|Any CPU.ActiveCfg = Release|Any CPU
		{5868DB05-41EF-406A-ACE1-5563A31D44BC}.Release|Any CPU.Build.0 = Release|Any CPU
		{4DE8FC9E-AC0F-4E63-A2DF-4E0C183D02EA}.Debug|Any CPU.ActiveCfg = Debug|Any CPU
		{4DE8FC9E-AC0F-4E63-A2DF-4E0C183D02EA}.Debug|Any CPU.Build.0 = Debug|Any CPU
		{4DE8FC9E-AC0F-4E63-A2DF-4E0C183D02EA}.Release|Any CPU.ActiveCfg = Release|Any CPU
		{4DE8FC9E-AC0F-4E63-A2DF-4E0C183D02EA}.Release|Any CPU.Build.0 = Release|Any CPU
	EndGlobalSection
	GlobalSection(SolutionProperties) = preSolution
		HideSolutionNode = FALSE
	EndGlobalSection
	GlobalSection(ExtensibilityGlobals) = postSolution
		SolutionGuid = {A8304A16-8A31-438E-8B05-615E999CA2BE}
	EndGlobalSection
EndGlobal
